# THIS IS AN AUTOGENERATED FILE. DO NOT EDIT THIS FILE DIRECTLY.
# yarn lockfile v1


"@types/end-of-stream@^1.4.0":
  version "1.4.0"
  resolved "https://registry.yarnpkg.com/@types/end-of-stream/-/end-of-stream-1.4.0.tgz#4e73ac87d15b6cc89cdaf2d26a59f617c778cb07"
  integrity sha512-d0FD2A4vpFI8wyQeQbr9VDVKtA1PmeGO3Ntn+6j626QTtAQ9HSqWFACP7rTHaV2cspVhLijl00Vvkf/U2UZGWA==
  dependencies:
    "@types/node" "*"

"@types/node@*", "@types/node@^14.14.9":
  version "14.14.35"
  resolved "https://registry.yarnpkg.com/@types/node/-/node-14.14.35.tgz#42c953a4e2b18ab931f72477e7012172f4ffa313"
  integrity sha512-Lt+wj8NVPx0zUmUwumiVXapmaLUcAk3yPuHCFVXras9k5VT9TdhJqKqGVUQCD60OTMCl0qxJ57OiTL0Mic3Iag==

"@types/once@^1.4.0":
  version "1.4.0"
  resolved "https://registry.yarnpkg.com/@types/once/-/once-1.4.0.tgz#7bfe3d99a0951f3141bac2617c9827525788b8f5"
  integrity sha512-cnEvTAVVRqF6OQg/4SLnbxQ0slZJHqZQDve5BzGhcIQtuMpPv8T5QNS2cBPa/W0jTxciqwn7bmJAIGe/bOJ5Kw==

"@types/pump@^1.1.1":
  version "1.1.1"
  resolved "https://registry.yarnpkg.com/@types/pump/-/pump-1.1.1.tgz#edb3475e2bad0f4552bdaa91c6c43b82e08ff15e"
  integrity sha512-wpRerjHDxFBQ4r8XNv3xHJZeuqrBBoeQ/fhgkooV2F7KsPIYRROb/+f9ODgZfOEyO5/w2ej4YQdpPPXipT8DAA==
  dependencies:
    "@types/node" "*"

end-of-stream@^1.1.0, end-of-stream@^1.4.4:
  version "1.4.4"
  resolved "https://registry.yarnpkg.com/end-of-stream/-/end-of-stream-1.4.4.tgz#5ae64a5f45057baf3626ec14da0ca5e4b2431eb0"
  integrity sha512-+uw1inIHVPQoaVuHzRyXd21icM+cnt4CzD5rW+NC1wjOUSTOs+Te7FOv7AhN7vS9x/oIyhLP5PR1H+phQAHu5Q==
  dependencies:
    once "^1.4.0"

fast-safe-stringify@^2.0.7:
  version "2.0.7"
  resolved "https://registry.yarnpkg.com/fast-safe-stringify/-/fast-safe-stringify-2.0.7.tgz#124aa885899261f68aedb42a7c080de9da608743"
  integrity sha512-Utm6CdzT+6xsDk2m8S6uL8VHxNwI6Jub+e9NYTcAms28T84pTa25GJQV9j0CY0N1rM8hK4x6grpF2BQf+2qwVA==

once@^1.3.1, once@^1.4.0:
  version "1.4.0"
  resolved "https://registry.yarnpkg.com/once/-/once-1.4.0.tgz#583b1aa775961d4b113ac17d9c50baef9dd76bd1"
  integrity sha1-WDsap3WWHUsROsF9nFC6753Xa9E=
  dependencies:
    wrappy "1"

pump@^3.0.0:
  version "3.0.0"
  resolved "https://registry.yarnpkg.com/pump/-/pump-3.0.0.tgz#b4a2116815bde2f4e1ea602354e8c75565107a64"
  integrity sha512-LwZy+p3SFs1Pytd/jYct4wpv49HiYCqd9Rlc5ZVdk0V+8Yzv6jR5Blk3TRmPL1ft69TxP0IMZGJ+WPFU2BFhww==
  dependencies:
    end-of-stream "^1.1.0"
    once "^1.3.1"

wrappy@1:
  version "1.0.2"
  resolved "https://registry.yarnpkg.com/wrappy/-/wrappy-1.0.2.tgz#b5243d8f3ec1aa35f1364605bc0d1036e30ab69f"
  integrity sha1-tSQ9jz7BqjXxNkYFvA0QNuMKtp8=
