# THIS IS AN AUTOGENERATED FILE. DO NOT EDIT THIS FILE DIRECTLY.
# yarn lockfile v1


"@toruslabs/ffjavascript@^0.2.37":
  version "0.2.37"
  resolved "https://registry.yarnpkg.com/@toruslabs/ffjavascript/-/ffjavascript-0.2.37.tgz#091e8bf6a3bff53d81e9f98d8c0b615839cf2805"
  integrity sha512-1A+AWmEAr1y3zRkWtxCVOAvBeoa6oivfOAeaU4R3t+utAC4RNFWlSkoD3GA1ZRCnEq4vTA9DWIdIAZcZEDykIQ==
  dependencies:
    big-integer "^1.6.48"
    wasmcurves "0.0.14"
    web-worker "^1.0.0"

big-integer@^1.6.42, big-integer@^1.6.48:
  version "1.6.48"
  resolved "https://registry.yarnpkg.com/big-integer/-/big-integer-1.6.48.tgz#8fd88bd1632cba4a1c8c3e3d7159f08bb95b4b9e"
  integrity sha512-j51egjPa7/i+RdiRuJbPdJ2FIUYYPhvYLjzoYbcMMm62ooO6F94fETG4MTs46zPAF9Brs04OajboA/qTGuz78w==

blakejs@^1.1.0:
  version "1.1.0"
  resolved "https://registry.yarnpkg.com/blakejs/-/blakejs-1.1.0.tgz#69df92ef953aa88ca51a32df6ab1c54a155fc7a5"
  integrity sha1-ad+S75U6qIylGjLfarHFShVfx6U=

bn.js@^5.2.0:
  version "5.2.0"
  resolved "https://registry.yarnpkg.com/bn.js/-/bn.js-5.2.0.tgz#358860674396c6997771a9d051fcc1b57d4ae002"
  integrity sha512-D7iWRBvnZE8ecXiLj/9wbxH7Tk79fAh8IHaTNq1RWRixsS02W+5qS+iE9yq6RYl0asXx5tw0bLhmT5pIfbSquw==

wasmcurves@0.0.14:
  version "0.0.14"
  resolved "https://registry.yarnpkg.com/wasmcurves/-/wasmcurves-0.0.14.tgz#cbe0f19650d9554937154afdbed66b305bd2a348"
  integrity sha512-G1iMkxlRaQSdqQ1JrwHcU+awLmwyH6kFKfT8g9obd8MWe+u5oSdFXrODB0zmSI5aGGvJPG+4cAmqCGYv9R+7qg==
  dependencies:
    big-integer "^1.6.42"
    blakejs "^1.1.0"

web-worker@^1.0.0:
  version "1.0.0"
  resolved "https://registry.yarnpkg.com/web-worker/-/web-worker-1.0.0.tgz#c7ced4e1eb6227636ada35056a9e5a477414e4d0"
  integrity sha512-BzuMqeKVkKKwHV6tJuwePFcxYMxvC97D448mXTgh/CxXAB4sRtoV26gRPN+JDxsXRR7QZyioMV9O6NzQaASf7Q==
