# THIS IS AN AUTOGENERATED FILE. DO NOT EDIT THIS FILE DIRECTLY.
# yarn lockfile v1


"@toruslabs/tweetnacl-js@^1.0.3":
  version "1.0.3"
  resolved "https://registry.yarnpkg.com/@toruslabs/tweetnacl-js/-/tweetnacl-js-1.0.3.tgz#52abbcd2a6b77959ef6a98afedce77764d87226d"
  integrity sha512-WQJYMTR/bkqvpk3DWOqRt5e24RhwJp9PXUoSj4zSthd3+fDhKYCI56YVMPNDKah1fCffOe9F3m8iZ5SgDZ+Csw==
