{
  "name": "@toruslabs/openlogin",
  "version": "1.0.0",
  "lockfileVersion": 1,
  "requires": true,
  "dependencies": {
    "graphql": {
      "version": "15.6.1",
      "resolved": "https://registry.npmjs.org/graphql/-/graphql-15.6.1.tgz",
      "integrity": "sha512-3i5lu0z6dRvJ48QP9kFxBkJ7h4Kso7PS8eahyTFz5Jm6CvQfLtNIE8LX9N6JLnXTuwR+sIYnXzaWp6anOg0QQw==",
      "dev": true
    }
  }
}
